// !$*UTF8*$!
{
	archiveVersion = 1;
	classes = {
	};
	objectVersion = 60;
	objects = {

/* Begin PBXBuildFile section */
		A10000000000000000000001 /* NOTE1App.swift in Sources */ = {isa = PBXBuildFile; fileRef = A20000000000000000000001 /* NOTE1App.swift */; };
		A10000000000000000000002 /* ModelStore.swift in Sources */ = {isa = PBXBuildFile; fileRef = A20000000000000000000002 /* ModelStore.swift */; };
		A10000000000000000000003 /* DesignSystem.swift in Sources */ = {isa = PBXBuildFile; fileRef = A20000000000000000000003 /* DesignSystem.swift */; };
		A10000000000000000000004 /* AppShellView.swift in Sources */ = {isa = PBXBuildFile; fileRef = A20000000000000000000004 /* AppShellView.swift */; };
		A10000000000000000000005 /* HomeView.swift in Sources */ = {isa = PBXBuildFile; fileRef = A20000000000000000000005 /* HomeView.swift */; };
		A10000000000000000000006 /* HistoryView.swift in Sources */ = {isa = PBXBuildFile; fileRef = A20000000000000000000006 /* HistoryView.swift */; };
		A1000000000000000000000A /* HistorySelectionPolicy.swift in Sources */ = {isa = PBXBuildFile; fileRef = A2000000000000000000000C /* HistorySelectionPolicy.swift */; };
		A1000000000000000000000B /* AttachmentImporter.swift in Sources */ = {isa = PBXBuildFile; fileRef = A2000000000000000000000D /* AttachmentImporter.swift */; };
		A1000000000000000000000C /* ReviewView.swift in Sources */ = {isa = PBXBuildFile; fileRef = A2000000000000000000000E /* ReviewView.swift */; };
		A1000000000000000000000D /* ReviewInteractionPolicies.swift in Sources */ = {isa = PBXBuildFile; fileRef = A2000000000000000000000F /* ReviewInteractionPolicies.swift */; };
		A1000000000000000000000E /* ReviewComponents.swift in Sources */ = {isa = PBXBuildFile; fileRef = A20000000000000000000010 /* ReviewComponents.swift */; };
		A1000000000000000000000F /* EditorView.swift in Sources */ = {isa = PBXBuildFile; fileRef = A20000000000000000000011 /* EditorView.swift */; };
		A10000000000000000000010 /* AttachmentViews.swift in Sources */ = {isa = PBXBuildFile; fileRef = A20000000000000000000012 /* AttachmentViews.swift */; };
		A10000000000000000000011 /* IdeaGroupView.swift in Sources */ = {isa = PBXBuildFile; fileRef = A20000000000000000000013 /* IdeaGroupView.swift */; };
		A10000000000000000000012 /* GroupPickerViews.swift in Sources */ = {isa = PBXBuildFile; fileRef = A20000000000000000000014 /* GroupPickerViews.swift */; };
		A10000000000000000000013 /* HistoryRow.swift in Sources */ = {isa = PBXBuildFile; fileRef = A20000000000000000000015 /* HistoryRow.swift */; };
		A10000000000000000000014 /* ReviewView+Interactions.swift in Sources */ = {isa = PBXBuildFile; fileRef = A20000000000000000000016 /* ReviewView+Interactions.swift */; };
		A10000000000000000000015 /* DynamicTypeSupport.swift in Sources */ = {isa = PBXBuildFile; fileRef = A20000000000000000000017 /* DynamicTypeSupport.swift */; };
		A10000000000000000000016 /* NoteBackupService.swift in Sources */ = {isa = PBXBuildFile; fileRef = A20000000000000000000018 /* NoteBackupService.swift */; };
		A10000000000000000000017 /* AppShortcutSupport.swift in Sources */ = {isa = PBXBuildFile; fileRef = A20000000000000000000019 /* AppShortcutSupport.swift */; };
		A10000000000000000000018 /* HomeComposerState.swift in Sources */ = {isa = PBXBuildFile; fileRef = A2000000000000000000001A /* HomeComposerState.swift */; };
		A10000000000000000000019 /* SpeechTranscriptionService.swift in Sources */ = {isa = PBXBuildFile; fileRef = A2000000000000000000001B /* SpeechTranscriptionService.swift */; };
		A1000000000000000000001A /* HomeComposerView.swift in Sources */ = {isa = PBXBuildFile; fileRef = A2000000000000000000001C /* HomeComposerView.swift */; };
		A1000000000000000000001B /* V02Store.swift in Sources */ = {isa = PBXBuildFile; fileRef = A2000000000000000000001D /* V02Store.swift */; };
		A1000000000000000000001C /* V02AppShellView.swift in Sources */ = {isa = PBXBuildFile; fileRef = A2000000000000000000001E /* V02AppShellView.swift */; };
		A10000000000000000000025 /* V02CardDeck.swift in Sources */ = {isa = PBXBuildFile; fileRef = A20000000000000000000027 /* V02CardDeck.swift */; };
		A1000000000000000000001D /* V02ReceiptExport.swift in Sources */ = {isa = PBXBuildFile; fileRef = A2000000000000000000001F /* V02ReceiptExport.swift */; };
		A1000000000000000000001E /* V02VoiceRecorder.swift in Sources */ = {isa = PBXBuildFile; fileRef = A20000000000000000000020 /* V02VoiceRecorder.swift */; };
		A1000000000000000000001F /* V02AudioPlayback.swift in Sources */ = {isa = PBXBuildFile; fileRef = A20000000000000000000021 /* V02AudioPlayback.swift */; };
		A10000000000000000000020 /* V02BackupService.swift in Sources */ = {isa = PBXBuildFile; fileRef = A20000000000000000000022 /* V02BackupService.swift */; };
		A10000000000000000000021 /* V02SettingsView.swift in Sources */ = {isa = PBXBuildFile; fileRef = A20000000000000000000023 /* V02SettingsView.swift */; };
		A10000000000000000000022 /* V02TrashView.swift in Sources */ = {isa = PBXBuildFile; fileRef = A20000000000000000000024 /* V02TrashView.swift */; };
		A10000000000000000000023 /* V02SearchView.swift in Sources */ = {isa = PBXBuildFile; fileRef = A20000000000000000000025 /* V02SearchView.swift */; };
		A10000000000000000000024 /* V02ReceiptExportFile.swift in Sources */ = {isa = PBXBuildFile; fileRef = A20000000000000000000026 /* V02ReceiptExportFile.swift */; };
		A10000000000000000000028 /* V02TicketClip.swift in Sources */ = {isa = PBXBuildFile; fileRef = A20000000000000000000028 /* V02TicketClip.swift */; };
		A10000000000000000000029 /* V02ReceiptPaper.swift in Sources */ = {isa = PBXBuildFile; fileRef = A20000000000000000000029 /* V02ReceiptPaper.swift */; };
		A1000000000000000000002A /* V02ReceiptDeck.swift in Sources */ = {isa = PBXBuildFile; fileRef = A2000000000000000000002A /* V02ReceiptDeck.swift */; };
		A1000000000000000000002B /* V02ReceiptBookView.swift in Sources */ = {isa = PBXBuildFile; fileRef = A2000000000000000000002B /* V02ReceiptBookView.swift */; };
		A1000000000000000000002C /* V02ReceiptDetailView.swift in Sources */ = {isa = PBXBuildFile; fileRef = A2000000000000000000002C /* V02ReceiptDetailView.swift */; };
		A1000000000000000000002D /* V02ReceiptGenerationView.swift in Sources */ = {isa = PBXBuildFile; fileRef = A2000000000000000000002D /* V02ReceiptGenerationView.swift */; };
		A10000000000000000000030 /* V02InspirationViews.swift in Sources */ = {isa = PBXBuildFile; fileRef = A20000000000000000000030 /* V02InspirationViews.swift */; };
		A10000000000000000000031 /* V02CardPreviewViews.swift in Sources */ = {isa = PBXBuildFile; fileRef = A20000000000000000000031 /* V02CardPreviewViews.swift */; };
		A10000000000000000000032 /* V02CollectionViews.swift in Sources */ = {isa = PBXBuildFile; fileRef = A20000000000000000000032 /* V02CollectionViews.swift */; };
		A10000000000000000000033 /* V02EditingViews.swift in Sources */ = {isa = PBXBuildFile; fileRef = A20000000000000000000033 /* V02EditingViews.swift */; };
		A10000000000000000000034 /* V02CollectionAttachmentView.swift in Sources */ = {isa = PBXBuildFile; fileRef = A20000000000000000000034 /* V02CollectionAttachmentView.swift */; };
		A10000000000000000000007 /* Assets.xcassets in Resources */ = {isa = PBXBuildFile; fileRef = A20000000000000000000007 /* Assets.xcassets */; };
		A10000000000000000000008 /* LaunchScreen.storyboard in Resources */ = {isa = PBXBuildFile; fileRef = A30000000000000000000001 /* LaunchScreen.storyboard */; };
		A10000000000000000000009 /* Localizable.strings in Resources */ = {isa = PBXBuildFile; fileRef = A30000000000000000000002 /* Localizable.strings */; };
		B10000000000000000000001 /* NoteStoreTests.swift in Sources */ = {isa = PBXBuildFile; fileRef = B20000000000000000000001 /* NoteStoreTests.swift */; };
		B10000000000000000000002 /* NoteStorePersistenceTests.swift in Sources */ = {isa = PBXBuildFile; fileRef = B20000000000000000000003 /* NoteStorePersistenceTests.swift */; };
		B10000000000000000000003 /* HistorySelectionPolicyTests.swift in Sources */ = {isa = PBXBuildFile; fileRef = B20000000000000000000004 /* HistorySelectionPolicyTests.swift */; };
		B10000000000000000000004 /* NoteStoreGroupTests.swift in Sources */ = {isa = PBXBuildFile; fileRef = B20000000000000000000005 /* NoteStoreGroupTests.swift */; };
		B10000000000000000000005 /* AttachmentImporterTests.swift in Sources */ = {isa = PBXBuildFile; fileRef = B20000000000000000000006 /* AttachmentImporterTests.swift */; };
		B10000000000000000000006 /* HomeComposerStateTests.swift in Sources */ = {isa = PBXBuildFile; fileRef = B20000000000000000000007 /* HomeComposerStateTests.swift */; };
		B10000000000000000000007 /* SpeechTranscriptionTests.swift in Sources */ = {isa = PBXBuildFile; fileRef = B20000000000000000000008 /* SpeechTranscriptionTests.swift */; };
/* End PBXBuildFile section */

/* Begin PBXContainerItemProxy section */
		B30000000000000000000001 /* PBXContainerItemProxy */ = {
			isa = PBXContainerItemProxy;
			containerPortal = C00000000000000000000001 /* Project object */;
			proxyType = 1;
			remoteGlobalIDString = A40000000000000000000001;
			remoteInfo = App;
		};
/* End PBXContainerItemProxy section */

/* Begin PBXFileReference section */
		A20000000000000000000001 /* NOTE1App.swift */ = {isa = PBXFileReference; lastKnownFileType = sourcecode.swift; path = NOTE1App.swift; sourceTree = "<group>"; };
		A20000000000000000000002 /* ModelStore.swift */ = {isa = PBXFileReference; lastKnownFileType = sourcecode.swift; path = ModelStore.swift; sourceTree = "<group>"; };
		A20000000000000000000003 /* DesignSystem.swift */ = {isa = PBXFileReference; lastKnownFileType = sourcecode.swift; path = DesignSystem.swift; sourceTree = "<group>"; };
		A20000000000000000000004 /* AppShellView.swift */ = {isa = PBXFileReference; lastKnownFileType = sourcecode.swift; path = AppShellView.swift; sourceTree = "<group>"; };
		A20000000000000000000005 /* HomeView.swift */ = {isa = PBXFileReference; lastKnownFileType = sourcecode.swift; path = HomeView.swift; sourceTree = "<group>"; };
		A20000000000000000000006 /* HistoryView.swift */ = {isa = PBXFileReference; lastKnownFileType = sourcecode.swift; path = HistoryView.swift; sourceTree = "<group>"; };
		A20000000000000000000007 /* Assets.xcassets */ = {isa = PBXFileReference; lastKnownFileType = folder.assetcatalog; path = Assets.xcassets; sourceTree = "<group>"; };
		A20000000000000000000008 /* Info.plist */ = {isa = PBXFileReference; lastKnownFileType = text.plist.xml; path = Info.plist; sourceTree = "<group>"; };
		A20000000000000000000009 /* Base */ = {isa = PBXFileReference; lastKnownFileType = file.storyboard; name = Base; path = Base.lproj/LaunchScreen.storyboard; sourceTree = "<group>"; };
		A2000000000000000000000A /* App.app */ = {isa = PBXFileReference; explicitFileType = wrapper.application; includeInIndex = 0; path = App.app; sourceTree = BUILT_PRODUCTS_DIR; };
		A2000000000000000000000B /* zh-Hans */ = {isa = PBXFileReference; lastKnownFileType = text.plist.strings; name = "zh-Hans"; path = "zh-Hans.lproj/Localizable.strings"; sourceTree = "<group>"; };
		A2000000000000000000000C /* HistorySelectionPolicy.swift */ = {isa = PBXFileReference; lastKnownFileType = sourcecode.swift; path = HistorySelectionPolicy.swift; sourceTree = "<group>"; };
		A2000000000000000000000D /* AttachmentImporter.swift */ = {isa = PBXFileReference; lastKnownFileType = sourcecode.swift; path = AttachmentImporter.swift; sourceTree = "<group>"; };
		A2000000000000000000000E /* ReviewView.swift */ = {isa = PBXFileReference; lastKnownFileType = sourcecode.swift; path = ReviewView.swift; sourceTree = "<group>"; };
		A2000000000000000000000F /* ReviewInteractionPolicies.swift */ = {isa = PBXFileReference; lastKnownFileType = sourcecode.swift; path = ReviewInteractionPolicies.swift; sourceTree = "<group>"; };
		A20000000000000000000010 /* ReviewComponents.swift */ = {isa = PBXFileReference; lastKnownFileType = sourcecode.swift; path = ReviewComponents.swift; sourceTree = "<group>"; };
		A20000000000000000000011 /* EditorView.swift */ = {isa = PBXFileReference; lastKnownFileType = sourcecode.swift; path = EditorView.swift; sourceTree = "<group>"; };
		A20000000000000000000012 /* AttachmentViews.swift */ = {isa = PBXFileReference; lastKnownFileType = sourcecode.swift; path = AttachmentViews.swift; sourceTree = "<group>"; };
		A20000000000000000000013 /* IdeaGroupView.swift */ = {isa = PBXFileReference; lastKnownFileType = sourcecode.swift; path = IdeaGroupView.swift; sourceTree = "<group>"; };
		A20000000000000000000014 /* GroupPickerViews.swift */ = {isa = PBXFileReference; lastKnownFileType = sourcecode.swift; path = GroupPickerViews.swift; sourceTree = "<group>"; };
		A20000000000000000000015 /* HistoryRow.swift */ = {isa = PBXFileReference; lastKnownFileType = sourcecode.swift; path = HistoryRow.swift; sourceTree = "<group>"; };
		A20000000000000000000016 /* ReviewView+Interactions.swift */ = {isa = PBXFileReference; lastKnownFileType = sourcecode.swift; path = "ReviewView+Interactions.swift"; sourceTree = "<group>"; };
		A20000000000000000000017 /* DynamicTypeSupport.swift */ = {isa = PBXFileReference; lastKnownFileType = sourcecode.swift; path = DynamicTypeSupport.swift; sourceTree = "<group>"; };
		A20000000000000000000018 /* NoteBackupService.swift */ = {isa = PBXFileReference; lastKnownFileType = sourcecode.swift; path = NoteBackupService.swift; sourceTree = "<group>"; };
		A20000000000000000000019 /* AppShortcutSupport.swift */ = {isa = PBXFileReference; lastKnownFileType = sourcecode.swift; path = AppShortcutSupport.swift; sourceTree = "<group>"; };
		A2000000000000000000001A /* HomeComposerState.swift */ = {isa = PBXFileReference; lastKnownFileType = sourcecode.swift; path = HomeComposerState.swift; sourceTree = "<group>"; };
		A2000000000000000000001B /* SpeechTranscriptionService.swift */ = {isa = PBXFileReference; lastKnownFileType = sourcecode.swift; path = SpeechTranscriptionService.swift; sourceTree = "<group>"; };
		A2000000000000000000001C /* HomeComposerView.swift */ = {isa = PBXFileReference; lastKnownFileType = sourcecode.swift; path = HomeComposerView.swift; sourceTree = "<group>"; };
		A2000000000000000000001D /* V02Store.swift */ = {isa = PBXFileReference; lastKnownFileType = sourcecode.swift; path = V02Store.swift; sourceTree = "<group>"; };
		A2000000000000000000001E /* V02AppShellView.swift */ = {isa = PBXFileReference; lastKnownFileType = sourcecode.swift; path = V02AppShellView.swift; sourceTree = "<group>"; };
		A20000000000000000000027 /* V02CardDeck.swift */ = {isa = PBXFileReference; lastKnownFileType = sourcecode.swift; path = V02CardDeck.swift; sourceTree = "<group>"; };
		A2000000000000000000001F /* V02ReceiptExport.swift */ = {isa = PBXFileReference; lastKnownFileType = sourcecode.swift; path = V02ReceiptExport.swift; sourceTree = "<group>"; };
		A20000000000000000000020 /* V02VoiceRecorder.swift */ = {isa = PBXFileReference; lastKnownFileType = sourcecode.swift; path = V02VoiceRecorder.swift; sourceTree = "<group>"; };
		A20000000000000000000021 /* V02AudioPlayback.swift */ = {isa = PBXFileReference; lastKnownFileType = sourcecode.swift; path = V02AudioPlayback.swift; sourceTree = "<group>"; };
		A20000000000000000000022 /* V02BackupService.swift */ = {isa = PBXFileReference; lastKnownFileType = sourcecode.swift; path = V02BackupService.swift; sourceTree = "<group>"; };
		A20000000000000000000023 /* V02SettingsView.swift */ = {isa = PBXFileReference; lastKnownFileType = sourcecode.swift; path = V02SettingsView.swift; sourceTree = "<group>"; };
		A20000000000000000000024 /* V02TrashView.swift */ = {isa = PBXFileReference; lastKnownFileType = sourcecode.swift; path = V02TrashView.swift; sourceTree = "<group>"; };
		A20000000000000000000025 /* V02SearchView.swift */ = {isa = PBXFileReference; lastKnownFileType = sourcecode.swift; path = V02SearchView.swift; sourceTree = "<group>"; };
		A20000000000000000000026 /* V02ReceiptExportFile.swift */ = {isa = PBXFileReference; lastKnownFileType = sourcecode.swift; path = V02ReceiptExportFile.swift; sourceTree = "<group>"; };
		A20000000000000000000028 /* V02TicketClip.swift */ = {isa = PBXFileReference; lastKnownFileType = sourcecode.swift; path = V02TicketClip.swift; sourceTree = "<group>"; };
		A20000000000000000000029 /* V02ReceiptPaper.swift */ = {isa = PBXFileReference; lastKnownFileType = sourcecode.swift; path = V02ReceiptPaper.swift; sourceTree = "<group>"; };
		A2000000000000000000002A /* V02ReceiptDeck.swift */ = {isa = PBXFileReference; lastKnownFileType = sourcecode.swift; path = V02ReceiptDeck.swift; sourceTree = "<group>"; };
		A2000000000000000000002B /* V02ReceiptBookView.swift */ = {isa = PBXFileReference; lastKnownFileType = sourcecode.swift; path = V02ReceiptBookView.swift; sourceTree = "<group>"; };
		A2000000000000000000002C /* V02ReceiptDetailView.swift */ = {isa = PBXFileReference; lastKnownFileType = sourcecode.swift; path = V02ReceiptDetailView.swift; sourceTree = "<group>"; };
		A2000000000000000000002D /* V02ReceiptGenerationView.swift */ = {isa = PBXFileReference; lastKnownFileType = sourcecode.swift; path = V02ReceiptGenerationView.swift; sourceTree = "<group>"; };
		A20000000000000000000030 /* V02InspirationViews.swift */ = {isa = PBXFileReference; lastKnownFileType = sourcecode.swift; path = V02InspirationViews.swift; sourceTree = "<group>"; };
		A20000000000000000000031 /* V02CardPreviewViews.swift */ = {isa = PBXFileReference; lastKnownFileType = sourcecode.swift; path = V02CardPreviewViews.swift; sourceTree = "<group>"; };
		A20000000000000000000032 /* V02CollectionViews.swift */ = {isa = PBXFileReference; lastKnownFileType = sourcecode.swift; path = V02CollectionViews.swift; sourceTree = "<group>"; };
		A20000000000000000000033 /* V02EditingViews.swift */ = {isa = PBXFileReference; lastKnownFileType = sourcecode.swift; path = V02EditingViews.swift; sourceTree = "<group>"; };
		A20000000000000000000034 /* V02CollectionAttachmentView.swift */ = {isa = PBXFileReference; lastKnownFileType = sourcecode.swift; path = V02CollectionAttachmentView.swift; sourceTree = "<group>"; };
		B20000000000000000000001 /* NoteStoreTests.swift */ = {isa = PBXFileReference; lastKnownFileType = sourcecode.swift; path = NoteStoreTests.swift; sourceTree = "<group>"; };
		B20000000000000000000002 /* AppTests.xctest */ = {isa = PBXFileReference; explicitFileType = wrapper.cfbundle; includeInIndex = 0; path = AppTests.xctest; sourceTree = BUILT_PRODUCTS_DIR; };
		B20000000000000000000003 /* NoteStorePersistenceTests.swift */ = {isa = PBXFileReference; lastKnownFileType = sourcecode.swift; path = NoteStorePersistenceTests.swift; sourceTree = "<group>"; };
		B20000000000000000000004 /* HistorySelectionPolicyTests.swift */ = {isa = PBXFileReference; lastKnownFileType = sourcecode.swift; path = HistorySelectionPolicyTests.swift; sourceTree = "<group>"; };
		B20000000000000000000005 /* NoteStoreGroupTests.swift */ = {isa = PBXFileReference; lastKnownFileType = sourcecode.swift; path = NoteStoreGroupTests.swift; sourceTree = "<group>"; };
		B20000000000000000000006 /* AttachmentImporterTests.swift */ = {isa = PBXFileReference; lastKnownFileType = sourcecode.swift; path = AttachmentImporterTests.swift; sourceTree = "<group>"; };
		B20000000000000000000007 /* HomeComposerStateTests.swift */ = {isa = PBXFileReference; lastKnownFileType = sourcecode.swift; path = HomeComposerStateTests.swift; sourceTree = "<group>"; };
		B20000000000000000000008 /* SpeechTranscriptionTests.swift */ = {isa = PBXFileReference; lastKnownFileType = sourcecode.swift; path = SpeechTranscriptionTests.swift; sourceTree = "<group>"; };
/* End PBXFileReference section */

/* Begin PBXFrameworksBuildPhase section */
		A50000000000000000000001 /* Frameworks */ = {
			isa = PBXFrameworksBuildPhase;
			buildActionMask = 2147483647;
			files = (
			);
			runOnlyForDeploymentPostprocessing = 0;
		};
		B50000000000000000000001 /* Frameworks */ = {
			isa = PBXFrameworksBuildPhase;
			buildActionMask = 2147483647;
			files = (
			);
			runOnlyForDeploymentPostprocessing = 0;
		};
/* End PBXFrameworksBuildPhase section */

/* Begin PBXGroup section */
		A60000000000000000000001 /* App */ = {
			isa = PBXGroup;
			children = (
				A20000000000000000000001 /* NOTE1App.swift */,
				A20000000000000000000002 /* ModelStore.swift */,
				A20000000000000000000003 /* DesignSystem.swift */,
				A20000000000000000000017 /* DynamicTypeSupport.swift */,
				A20000000000000000000018 /* NoteBackupService.swift */,
				A20000000000000000000019 /* AppShortcutSupport.swift */,
				A2000000000000000000001A /* HomeComposerState.swift */,
				A2000000000000000000001B /* SpeechTranscriptionService.swift */,
				A2000000000000000000001C /* HomeComposerView.swift */,
				A2000000000000000000001D /* V02Store.swift */,
				A2000000000000000000001E /* V02AppShellView.swift */,
				A20000000000000000000030 /* V02InspirationViews.swift */,
				A20000000000000000000031 /* V02CardPreviewViews.swift */,
				A20000000000000000000032 /* V02CollectionViews.swift */,
				A20000000000000000000034 /* V02CollectionAttachmentView.swift */,
				A20000000000000000000033 /* V02EditingViews.swift */,
				A20000000000000000000027 /* V02CardDeck.swift */,
				A2000000000000000000001F /* V02ReceiptExport.swift */,
				A20000000000000000000020 /* V02VoiceRecorder.swift */,
				A20000000000000000000021 /* V02AudioPlayback.swift */,
				A20000000000000000000022 /* V02BackupService.swift */,
				A20000000000000000000023 /* V02SettingsView.swift */,
				A20000000000000000000024 /* V02TrashView.swift */,
				A20000000000000000000025 /* V02SearchView.swift */,
				A20000000000000000000026 /* V02ReceiptExportFile.swift */,
				A20000000000000000000028 /* V02TicketClip.swift */,
				A20000000000000000000029 /* V02ReceiptPaper.swift */,
				A2000000000000000000002A /* V02ReceiptDeck.swift */,
				A2000000000000000000002B /* V02ReceiptBookView.swift */,
				A2000000000000000000002C /* V02ReceiptDetailView.swift */,
				A2000000000000000000002D /* V02ReceiptGenerationView.swift */,
				A20000000000000000000004 /* AppShellView.swift */,
				A20000000000000000000005 /* HomeView.swift */,
				A2000000000000000000000E /* ReviewView.swift */,
				A20000000000000000000016 /* ReviewView+Interactions.swift */,
				A2000000000000000000000F /* ReviewInteractionPolicies.swift */,
				A20000000000000000000010 /* ReviewComponents.swift */,
				A20000000000000000000006 /* HistoryView.swift */,
				A20000000000000000000011 /* EditorView.swift */,
				A20000000000000000000012 /* AttachmentViews.swift */,
				A20000000000000000000013 /* IdeaGroupView.swift */,
				A20000000000000000000014 /* GroupPickerViews.swift */,
				A20000000000000000000015 /* HistoryRow.swift */,
				A2000000000000000000000C /* HistorySelectionPolicy.swift */,
				A2000000000000000000000D /* AttachmentImporter.swift */,
				A20000000000000000000007 /* Assets.xcassets */,
				A30000000000000000000001 /* LaunchScreen.storyboard */,
				A30000000000000000000002 /* Localizable.strings */,
				A20000000000000000000008 /* Info.plist */,
			);
			path = App;
			sourceTree = "<group>";
		};
		B60000000000000000000001 /* AppTests */ = {
			isa = PBXGroup;
			children = (
				B20000000000000000000001 /* NoteStoreTests.swift */,
				B20000000000000000000003 /* NoteStorePersistenceTests.swift */,
				B20000000000000000000004 /* HistorySelectionPolicyTests.swift */,
				B20000000000000000000005 /* NoteStoreGroupTests.swift */,
				B20000000000000000000006 /* AttachmentImporterTests.swift */,
				B20000000000000000000007 /* HomeComposerStateTests.swift */,
				B20000000000000000000008 /* SpeechTranscriptionTests.swift */,
			);
			path = AppTests;
			sourceTree = "<group>";
		};
		C10000000000000000000001 = {
			isa = PBXGroup;
			children = (
				A60000000000000000000001 /* App */,
				B60000000000000000000001 /* AppTests */,
				C10000000000000000000002 /* Products */,
			);
			sourceTree = "<group>";
		};
		C10000000000000000000002 /* Products */ = {
			isa = PBXGroup;
			children = (
				A2000000000000000000000A /* App.app */,
				B20000000000000000000002 /* AppTests.xctest */,
			);
			name = Products;
			sourceTree = "<group>";
		};
/* End PBXGroup section */

/* Begin PBXNativeTarget section */
		A40000000000000000000001 /* App */ = {
			isa = PBXNativeTarget;
			buildConfigurationList = A70000000000000000000001 /* Build configuration list for PBXNativeTarget "App" */;
			buildPhases = (
				A50000000000000000000002 /* Sources */,
				A50000000000000000000001 /* Frameworks */,
				A50000000000000000000003 /* Resources */,
			);
			buildRules = (
			);
			dependencies = (
			);
			name = App;
			packageProductDependencies = (
			);
			productName = App;
			productReference = A2000000000000000000000A /* App.app */;
			productType = "com.apple.product-type.application";
		};
		B40000000000000000000001 /* AppTests */ = {
			isa = PBXNativeTarget;
			buildConfigurationList = B70000000000000000000001 /* Build configuration list for PBXNativeTarget "AppTests" */;
			buildPhases = (
				B50000000000000000000002 /* Sources */,
				B50000000000000000000001 /* Frameworks */,
				B50000000000000000000003 /* Resources */,
			);
			buildRules = (
			);
			dependencies = (
				B80000000000000000000001 /* PBXTargetDependency */,
			);
			name = AppTests;
			packageProductDependencies = (
			);
			productName = AppTests;
			productReference = B20000000000000000000002 /* AppTests.xctest */;
			productType = "com.apple.product-type.bundle.unit-test";
		};
/* End PBXNativeTarget section */

/* Begin PBXProject section */
		C00000000000000000000001 /* Project object */ = {
			isa = PBXProject;
			attributes = {
				BuildIndependentTargetsInParallel = YES;
				LastSwiftUpdateCheck = 2660;
				LastUpgradeCheck = 2660;
				TargetAttributes = {
					A40000000000000000000001 = {
						CreatedOnToolsVersion = 26.0;
						ProvisioningStyle = Automatic;
					};
					B40000000000000000000001 = {
						CreatedOnToolsVersion = 26.0;
						TestTargetID = A40000000000000000000001;
					};
				};
			};
			buildConfigurationList = C70000000000000000000001 /* Build configuration list for PBXProject "App" */;
			compatibilityVersion = "Xcode 15.0";
			developmentRegion = zh_Hans;
			hasScannedForEncodings = 0;
			knownRegions = (
				en,
				Base,
				zh_Hans,
			);
			mainGroup = C10000000000000000000001;
			packageReferences = (
			);
			productRefGroup = C10000000000000000000002 /* Products */;
			projectDirPath = "";
			projectRoot = "";
			targets = (
				A40000000000000000000001 /* App */,
				B40000000000000000000001 /* AppTests */,
			);
		};
/* End PBXProject section */

/* Begin PBXResourcesBuildPhase section */
		A50000000000000000000003 /* Resources */ = {
			isa = PBXResourcesBuildPhase;
			buildActionMask = 2147483647;
			files = (
				A10000000000000000000007 /* Assets.xcassets in Resources */,
				A10000000000000000000008 /* LaunchScreen.storyboard in Resources */,
				A10000000000000000000009 /* Localizable.strings in Resources */,
			);
			runOnlyForDeploymentPostprocessing = 0;
		};
		B50000000000000000000003 /* Resources */ = {
			isa = PBXResourcesBuildPhase;
			buildActionMask = 2147483647;
			files = (
			);
			runOnlyForDeploymentPostprocessing = 0;
		};
/* End PBXResourcesBuildPhase section */

/* Begin PBXSourcesBuildPhase section */
		A50000000000000000000002 /* Sources */ = {
			isa = PBXSourcesBuildPhase;
			buildActionMask = 2147483647;
			files = (
				A10000000000000000000001 /* NOTE1App.swift in Sources */,
				A10000000000000000000002 /* ModelStore.swift in Sources */,
				A10000000000000000000003 /* DesignSystem.swift in Sources */,
				A10000000000000000000015 /* DynamicTypeSupport.swift in Sources */,
				A10000000000000000000016 /* NoteBackupService.swift in Sources */,
				A10000000000000000000017 /* AppShortcutSupport.swift in Sources */,
				A10000000000000000000018 /* HomeComposerState.swift in Sources */,
				A10000000000000000000019 /* SpeechTranscriptionService.swift in Sources */,
				A1000000000000000000001A /* HomeComposerView.swift in Sources */,
				A1000000000000000000001B /* V02Store.swift in Sources */,
				A1000000000000000000001C /* V02AppShellView.swift in Sources */,
				A10000000000000000000030 /* V02InspirationViews.swift in Sources */,
				A10000000000000000000031 /* V02CardPreviewViews.swift in Sources */,
				A10000000000000000000032 /* V02CollectionViews.swift in Sources */,
				A10000000000000000000034 /* V02CollectionAttachmentView.swift in Sources */,
				A10000000000000000000033 /* V02EditingViews.swift in Sources */,
				A10000000000000000000025 /* V02CardDeck.swift in Sources */,
				A1000000000000000000001D /* V02ReceiptExport.swift in Sources */,
				A1000000000000000000001E /* V02VoiceRecorder.swift in Sources */,
				A1000000000000000000001F /* V02AudioPlayback.swift in Sources */,
				A10000000000000000000020 /* V02BackupService.swift in Sources */,
				A10000000000000000000021 /* V02SettingsView.swift in Sources */,
				A10000000000000000000022 /* V02TrashView.swift in Sources */,
				A10000000000000000000023 /* V02SearchView.swift in Sources */,
				A10000000000000000000024 /* V02ReceiptExportFile.swift in Sources */,
				A10000000000000000000028 /* V02TicketClip.swift in Sources */,
				A10000000000000000000029 /* V02ReceiptPaper.swift in Sources */,
				A1000000000000000000002A /* V02ReceiptDeck.swift in Sources */,
				A1000000000000000000002B /* V02ReceiptBookView.swift in Sources */,
				A1000000000000000000002C /* V02ReceiptDetailView.swift in Sources */,
				A1000000000000000000002D /* V02ReceiptGenerationView.swift in Sources */,
				A10000000000000000000004 /* AppShellView.swift in Sources */,
				A10000000000000000000005 /* HomeView.swift in Sources */,
				A1000000000000000000000C /* ReviewView.swift in Sources */,
				A10000000000000000000014 /* ReviewView+Interactions.swift in Sources */,
				A1000000000000000000000D /* ReviewInteractionPolicies.swift in Sources */,
				A1000000000000000000000E /* ReviewComponents.swift in Sources */,
				A10000000000000000000006 /* HistoryView.swift in Sources */,
				A1000000000000000000000F /* EditorView.swift in Sources */,
				A10000000000000000000010 /* AttachmentViews.swift in Sources */,
				A10000000000000000000011 /* IdeaGroupView.swift in Sources */,
				A10000000000000000000012 /* GroupPickerViews.swift in Sources */,
				A10000000000000000000013 /* HistoryRow.swift in Sources */,
				A1000000000000000000000A /* HistorySelectionPolicy.swift in Sources */,
				A1000000000000000000000B /* AttachmentImporter.swift in Sources */,
			);
			runOnlyForDeploymentPostprocessing = 0;
		};
		B50000000000000000000002 /* Sources */ = {
			isa = PBXSourcesBuildPhase;
			buildActionMask = 2147483647;
			files = (
				B10000000000000000000001 /* NoteStoreTests.swift in Sources */,
				B10000000000000000000002 /* NoteStorePersistenceTests.swift in Sources */,
				B10000000000000000000003 /* HistorySelectionPolicyTests.swift in Sources */,
				B10000000000000000000004 /* NoteStoreGroupTests.swift in Sources */,
				B10000000000000000000005 /* AttachmentImporterTests.swift in Sources */,
				B10000000000000000000006 /* HomeComposerStateTests.swift in Sources */,
				B10000000000000000000007 /* SpeechTranscriptionTests.swift in Sources */,
			);
			runOnlyForDeploymentPostprocessing = 0;
		};
/* End PBXSourcesBuildPhase section */

/* Begin PBXTargetDependency section */
		B80000000000000000000001 /* PBXTargetDependency */ = {
			isa = PBXTargetDependency;
			target = A40000000000000000000001 /* App */;
			targetProxy = B30000000000000000000001 /* PBXContainerItemProxy */;
		};
/* End PBXTargetDependency section */

/* Begin PBXVariantGroup section */
		A30000000000000000000001 /* LaunchScreen.storyboard */ = {
			isa = PBXVariantGroup;
			children = (
				A20000000000000000000009 /* Base */,
			);
			name = LaunchScreen.storyboard;
			sourceTree = "<group>";
		};
		A30000000000000000000002 /* Localizable.strings */ = {
			isa = PBXVariantGroup;
			children = (
				A2000000000000000000000B /* zh-Hans */,
			);
			name = Localizable.strings;
			sourceTree = "<group>";
		};
/* End PBXVariantGroup section */

/* Begin XCBuildConfiguration section */
		A80000000000000000000001 /* Debug */ = {
			isa = XCBuildConfiguration;
			buildSettings = {
				ASSETCATALOG_COMPILER_APPICON_NAME = AppIcon;
				CODE_SIGN_STYLE = Automatic;
				CURRENT_PROJECT_VERSION = 1;
				DEVELOPMENT_TEAM = GBKSA6VTUX;
				INFOPLIST_FILE = App/Info.plist;
				IPHONEOS_DEPLOYMENT_TARGET = 17.0;
				LD_RUNPATH_SEARCH_PATHS = (
					"$(inherited)",
					"@executable_path/Frameworks",
				);
				MARKETING_VERSION = 0.1;
				PRODUCT_BUNDLE_IDENTIFIER = com.yusiyuan.note1;
				PRODUCT_MODULE_NAME = App;
				PRODUCT_NAME = "$(TARGET_NAME)";
				SWIFT_EMIT_LOC_STRINGS = YES;
				SWIFT_VERSION = 5.0;
				TARGETED_DEVICE_FAMILY = 1;
			};
			name = Debug;
		};
		A80000000000000000000002 /* Release */ = {
			isa = XCBuildConfiguration;
			buildSettings = {
				ASSETCATALOG_COMPILER_APPICON_NAME = AppIcon;
				CODE_SIGN_STYLE = Automatic;
				CURRENT_PROJECT_VERSION = 1;
				DEVELOPMENT_TEAM = GBKSA6VTUX;
				INFOPLIST_FILE = App/Info.plist;
				IPHONEOS_DEPLOYMENT_TARGET = 17.0;
				LD_RUNPATH_SEARCH_PATHS = (
					"$(inherited)",
					"@executable_path/Frameworks",
				);
				MARKETING_VERSION = 0.1;
				PRODUCT_BUNDLE_IDENTIFIER = com.yusiyuan.note1;
				PRODUCT_MODULE_NAME = App;
				PRODUCT_NAME = "$(TARGET_NAME)";
				SWIFT_EMIT_LOC_STRINGS = YES;
				SWIFT_VERSION = 5.0;
				TARGETED_DEVICE_FAMILY = 1;
			};
			name = Release;
		};
		B80000000000000000000002 /* Debug */ = {
			isa = XCBuildConfiguration;
			buildSettings = {
				BUNDLE_LOADER = "$(TEST_HOST)";
				CODE_SIGN_STYLE = Automatic;
				GENERATE_INFOPLIST_FILE = YES;
				IPHONEOS_DEPLOYMENT_TARGET = 17.0;
				LD_RUNPATH_SEARCH_PATHS = (
					"$(inherited)",
					"@executable_path/Frameworks",
					"@loader_path/Frameworks",
				);
				PRODUCT_BUNDLE_IDENTIFIER = com.yusiyuan.note1.tests;
				PRODUCT_NAME = "$(TARGET_NAME)";
				SWIFT_VERSION = 5.0;
				TARGETED_DEVICE_FAMILY = 1;
				TEST_HOST = "$(BUILT_PRODUCTS_DIR)/App.app/$(BUNDLE_EXECUTABLE_FOLDER_PATH)/App";
			};
			name = Debug;
		};
		B80000000000000000000003 /* Release */ = {
			isa = XCBuildConfiguration;
			buildSettings = {
				BUNDLE_LOADER = "$(TEST_HOST)";
				CODE_SIGN_STYLE = Automatic;
				GENERATE_INFOPLIST_FILE = YES;
				IPHONEOS_DEPLOYMENT_TARGET = 17.0;
				LD_RUNPATH_SEARCH_PATHS = (
					"$(inherited)",
					"@executable_path/Frameworks",
					"@loader_path/Frameworks",
				);
				PRODUCT_BUNDLE_IDENTIFIER = com.yusiyuan.note1.tests;
				PRODUCT_NAME = "$(TARGET_NAME)";
				SWIFT_VERSION = 5.0;
				TARGETED_DEVICE_FAMILY = 1;
				TEST_HOST = "$(BUILT_PRODUCTS_DIR)/App.app/$(BUNDLE_EXECUTABLE_FOLDER_PATH)/App";
			};
			name = Release;
		};
		C80000000000000000000001 /* Debug */ = {
			isa = XCBuildConfiguration;
			buildSettings = {
				ALWAYS_SEARCH_USER_PATHS = NO;
				CLANG_ENABLE_MODULES = YES;
				COPY_PHASE_STRIP = NO;
				DEBUG_INFORMATION_FORMAT = dwarf;
				ENABLE_TESTABILITY = YES;
				GCC_C_LANGUAGE_STANDARD = gnu17;
				GCC_OPTIMIZATION_LEVEL = 0;
				GCC_PREPROCESSOR_DEFINITIONS = (
					"DEBUG=1",
					"$(inherited)",
				);
				IPHONEOS_DEPLOYMENT_TARGET = 17.0;
				ONLY_ACTIVE_ARCH = YES;
				SDKROOT = iphoneos;
				SWIFT_ACTIVE_COMPILATION_CONDITIONS = DEBUG;
				SWIFT_OPTIMIZATION_LEVEL = "-Onone";
			};
			name = Debug;
		};
		C80000000000000000000002 /* Release */ = {
			isa = XCBuildConfiguration;
			buildSettings = {
				ALWAYS_SEARCH_USER_PATHS = NO;
				CLANG_ENABLE_MODULES = YES;
				DEBUG_INFORMATION_FORMAT = "dwarf-with-dsym";
				GCC_C_LANGUAGE_STANDARD = gnu17;
				IPHONEOS_DEPLOYMENT_TARGET = 17.0;
				SDKROOT = iphoneos;
				SWIFT_COMPILATION_MODE = wholemodule;
				SWIFT_OPTIMIZATION_LEVEL = "-O";
				VALIDATE_PRODUCT = YES;
			};
			name = Release;
		};
/* End XCBuildConfiguration section */

/* Begin XCConfigurationList section */
		A70000000000000000000001 /* Build configuration list for PBXNativeTarget "App" */ = {
			isa = XCConfigurationList;
			buildConfigurations = (
				A80000000000000000000001 /* Debug */,
				A80000000000000000000002 /* Release */,
			);
			defaultConfigurationIsVisible = 0;
			defaultConfigurationName = Release;
		};
		B70000000000000000000001 /* Build configuration list for PBXNativeTarget "AppTests" */ = {
			isa = XCConfigurationList;
			buildConfigurations = (
				B80000000000000000000002 /* Debug */,
				B80000000000000000000003 /* Release */,
			);
			defaultConfigurationIsVisible = 0;
			defaultConfigurationName = Release;
		};
		C70000000000000000000001 /* Build configuration list for PBXProject "App" */ = {
			isa = XCConfigurationList;
			buildConfigurations = (
				C80000000000000000000001 /* Debug */,
				C80000000000000000000002 /* Release */,
			);
			defaultConfigurationIsVisible = 0;
			defaultConfigurationName = Release;
		};
/* End XCConfigurationList section */
	};
	rootObject = C00000000000000000000001 /* Project object */;
}
