// !$*UTF8*$!
{
	archiveVersion = 1;
	classes = {
	};
	objectVersion = 60;
	objects = {

/* Begin PBXBuildFile section */
		A10000000000000000000001 /* NOTE1App.swift in Sources */ = {isa = PBXBuildFile; fileRef = A20000000000000000000001 /* NOTE1App.swift */; };
		A10000000000000000000002 /* ModelStore.swift in Sources */ = {isa = PBXBuildFile; fileRef = A20000000000000000000002 /* ModelStore.swift */; };
		A10000000000000000000003 /* DesignSystem.swift in Sources */ = {isa = PBXBuildFile; fileRef = A20000000000000000000003 /* DesignSystem.swift */; };
		A10000000000000000000004 /* AppShellView.swift in Sources */ = {isa = PBXBuildFile; fileRef = A20000000000000000000004 /* AppShellView.swift */; };
		A10000000000000000000005 /* HomeReviewViews.swift in Sources */ = {isa = PBXBuildFile; fileRef = A20000000000000000000005 /* HomeReviewViews.swift */; };
		A10000000000000000000006 /* SecondaryViews.swift in Sources */ = {isa = PBXBuildFile; fileRef = A20000000000000000000006 /* SecondaryViews.swift */; };
		A1000000000000000000000A /* HistorySelectionPolicy.swift in Sources */ = {isa = PBXBuildFile; fileRef = A2000000000000000000000C /* HistorySelectionPolicy.swift */; };
		A1000000000000000000000B /* AttachmentImporter.swift in Sources */ = {isa = PBXBuildFile; fileRef = A2000000000000000000000D /* AttachmentImporter.swift */; };
		A10000000000000000000007 /* Assets.xcassets in Resources */ = {isa = PBXBuildFile; fileRef = A20000000000000000000007 /* Assets.xcassets */; };
		A10000000000000000000008 /* LaunchScreen.storyboard in Resources */ = {isa = PBXBuildFile; fileRef = A30000000000000000000001 /* LaunchScreen.storyboard */; };
		A10000000000000000000009 /* Localizable.strings in Resources */ = {isa = PBXBuildFile; fileRef = A30000000000000000000002 /* Localizable.strings */; };
		B10000000000000000000001 /* NoteStoreTests.swift in Sources */ = {isa = PBXBuildFile; fileRef = B20000000000000000000001 /* NoteStoreTests.swift */; };
		B10000000000000000000002 /* NoteStorePersistenceTests.swift in Sources */ = {isa = PBXBuildFile; fileRef = B20000000000000000000003 /* NoteStorePersistenceTests.swift */; };
		B10000000000000000000003 /* HistorySelectionPolicyTests.swift in Sources */ = {isa = PBXBuildFile; fileRef = B20000000000000000000004 /* HistorySelectionPolicyTests.swift */; };
		B10000000000000000000004 /* NoteStoreGroupTests.swift in Sources */ = {isa = PBXBuildFile; fileRef = B20000000000000000000005 /* NoteStoreGroupTests.swift */; };
		B10000000000000000000005 /* AttachmentImporterTests.swift in Sources */ = {isa = PBXBuildFile; fileRef = B20000000000000000000006 /* AttachmentImporterTests.swift */; };
/* End PBXBuildFile section */

/* Begin PBXContainerItemProxy section */
		B30000000000000000000001 /* PBXContainerItemProxy */ = {
			isa = PBXContainerItemProxy;
			containerPortal = C00000000000000000000001 /* Project object */;
			proxyType = 1;
			remoteGlobalIDString = A40000000000000000000001;
			remoteInfo = App;
		};
/* End PBXContainerItemProxy section */

/* Begin PBXFileReference section */
		A20000000000000000000001 /* NOTE1App.swift */ = {isa = PBXFileReference; lastKnownFileType = sourcecode.swift; path = NOTE1App.swift; sourceTree = "<group>"; };
		A20000000000000000000002 /* ModelStore.swift */ = {isa = PBXFileReference; lastKnownFileType = sourcecode.swift; path = ModelStore.swift; sourceTree = "<group>"; };
		A20000000000000000000003 /* DesignSystem.swift */ = {isa = PBXFileReference; lastKnownFileType = sourcecode.swift; path = DesignSystem.swift; sourceTree = "<group>"; };
		A20000000000000000000004 /* AppShellView.swift */ = {isa = PBXFileReference; lastKnownFileType = sourcecode.swift; path = AppShellView.swift; sourceTree = "<group>"; };
		A20000000000000000000005 /* HomeReviewViews.swift */ = {isa = PBXFileReference; lastKnownFileType = sourcecode.swift; path = HomeReviewViews.swift; sourceTree = "<group>"; };
		A20000000000000000000006 /* SecondaryViews.swift */ = {isa = PBXFileReference; lastKnownFileType = sourcecode.swift; path = SecondaryViews.swift; sourceTree = "<group>"; };
		A20000000000000000000007 /* Assets.xcassets */ = {isa = PBXFileReference; lastKnownFileType = folder.assetcatalog; path = Assets.xcassets; sourceTree = "<group>"; };
		A20000000000000000000008 /* Info.plist */ = {isa = PBXFileReference; lastKnownFileType = text.plist.xml; path = Info.plist; sourceTree = "<group>"; };
		A20000000000000000000009 /* Base */ = {isa = PBXFileReference; lastKnownFileType = file.storyboard; name = Base; path = Base.lproj/LaunchScreen.storyboard; sourceTree = "<group>"; };
		A2000000000000000000000A /* App.app */ = {isa = PBXFileReference; explicitFileType = wrapper.application; includeInIndex = 0; path = App.app; sourceTree = BUILT_PRODUCTS_DIR; };
		A2000000000000000000000B /* zh-Hans */ = {isa = PBXFileReference; lastKnownFileType = text.plist.strings; name = "zh-Hans"; path = "zh-Hans.lproj/Localizable.strings"; sourceTree = "<group>"; };
		A2000000000000000000000C /* HistorySelectionPolicy.swift */ = {isa = PBXFileReference; lastKnownFileType = sourcecode.swift; path = HistorySelectionPolicy.swift; sourceTree = "<group>"; };
		A2000000000000000000000D /* AttachmentImporter.swift */ = {isa = PBXFileReference; lastKnownFileType = sourcecode.swift; path = AttachmentImporter.swift; sourceTree = "<group>"; };
		B20000000000000000000001 /* NoteStoreTests.swift */ = {isa = PBXFileReference; lastKnownFileType = sourcecode.swift; path = NoteStoreTests.swift; sourceTree = "<group>"; };
		B20000000000000000000002 /* AppTests.xctest */ = {isa = PBXFileReference; explicitFileType = wrapper.cfbundle; includeInIndex = 0; path = AppTests.xctest; sourceTree = BUILT_PRODUCTS_DIR; };
		B20000000000000000000003 /* NoteStorePersistenceTests.swift */ = {isa = PBXFileReference; lastKnownFileType = sourcecode.swift; path = NoteStorePersistenceTests.swift; sourceTree = "<group>"; };
		B20000000000000000000004 /* HistorySelectionPolicyTests.swift */ = {isa = PBXFileReference; lastKnownFileType = sourcecode.swift; path = HistorySelectionPolicyTests.swift; sourceTree = "<group>"; };
		B20000000000000000000005 /* NoteStoreGroupTests.swift */ = {isa = PBXFileReference; lastKnownFileType = sourcecode.swift; path = NoteStoreGroupTests.swift; sourceTree = "<group>"; };
		B20000000000000000000006 /* AttachmentImporterTests.swift */ = {isa = PBXFileReference; lastKnownFileType = sourcecode.swift; path = AttachmentImporterTests.swift; sourceTree = "<group>"; };
/* End PBXFileReference section */

/* Begin PBXFrameworksBuildPhase section */
		A50000000000000000000001 /* Frameworks */ = {
			isa = PBXFrameworksBuildPhase;
			buildActionMask = 2147483647;
			files = (
			);
			runOnlyForDeploymentPostprocessing = 0;
		};
		B50000000000000000000001 /* Frameworks */ = {
			isa = PBXFrameworksBuildPhase;
			buildActionMask = 2147483647;
			files = (
			);
			runOnlyForDeploymentPostprocessing = 0;
		};
/* End PBXFrameworksBuildPhase section */

/* Begin PBXGroup section */
		A60000000000000000000001 /* App */ = {
			isa = PBXGroup;
			children = (
				A20000000000000000000001 /* NOTE1App.swift */,
				A20000000000000000000002 /* ModelStore.swift */,
				A20000000000000000000003 /* DesignSystem.swift */,
				A20000000000000000000004 /* AppShellView.swift */,
				A20000000000000000000005 /* HomeReviewViews.swift */,
				A20000000000000000000006 /* SecondaryViews.swift */,
				A2000000000000000000000C /* HistorySelectionPolicy.swift */,
				A2000000000000000000000D /* AttachmentImporter.swift */,
				A20000000000000000000007 /* Assets.xcassets */,
				A30000000000000000000001 /* LaunchScreen.storyboard */,
				A30000000000000000000002 /* Localizable.strings */,
				A20000000000000000000008 /* Info.plist */,
			);
			path = App;
			sourceTree = "<group>";
		};
		B60000000000000000000001 /* AppTests */ = {
			isa = PBXGroup;
			children = (
				B20000000000000000000001 /* NoteStoreTests.swift */,
				B20000000000000000000003 /* NoteStorePersistenceTests.swift */,
				B20000000000000000000004 /* HistorySelectionPolicyTests.swift */,
				B20000000000000000000005 /* NoteStoreGroupTests.swift */,
				B20000000000000000000006 /* AttachmentImporterTests.swift */,
			);
			path = AppTests;
			sourceTree = "<group>";
		};
		C10000000000000000000001 = {
			isa = PBXGroup;
			children = (
				A60000000000000000000001 /* App */,
				B60000000000000000000001 /* AppTests */,
				C10000000000000000000002 /* Products */,
			);
			sourceTree = "<group>";
		};
		C10000000000000000000002 /* Products */ = {
			isa = PBXGroup;
			children = (
				A2000000000000000000000A /* App.app */,
				B20000000000000000000002 /* AppTests.xctest */,
			);
			name = Products;
			sourceTree = "<group>";
		};
/* End PBXGroup section */

/* Begin PBXNativeTarget section */
		A40000000000000000000001 /* App */ = {
			isa = PBXNativeTarget;
			buildConfigurationList = A70000000000000000000001 /* Build configuration list for PBXNativeTarget "App" */;
			buildPhases = (
				A50000000000000000000002 /* Sources */,
				A50000000000000000000001 /* Frameworks */,
				A50000000000000000000003 /* Resources */,
			);
			buildRules = (
			);
			dependencies = (
			);
			name = App;
			packageProductDependencies = (
			);
			productName = App;
			productReference = A2000000000000000000000A /* App.app */;
			productType = "com.apple.product-type.application";
		};
		B40000000000000000000001 /* AppTests */ = {
			isa = PBXNativeTarget;
			buildConfigurationList = B70000000000000000000001 /* Build configuration list for PBXNativeTarget "AppTests" */;
			buildPhases = (
				B50000000000000000000002 /* Sources */,
				B50000000000000000000001 /* Frameworks */,
				B50000000000000000000003 /* Resources */,
			);
			buildRules = (
			);
			dependencies = (
				B80000000000000000000001 /* PBXTargetDependency */,
			);
			name = AppTests;
			packageProductDependencies = (
			);
			productName = AppTests;
			productReference = B20000000000000000000002 /* AppTests.xctest */;
			productType = "com.apple.product-type.bundle.unit-test";
		};
/* End PBXNativeTarget section */

/* Begin PBXProject section */
		C00000000000000000000001 /* Project object */ = {
			isa = PBXProject;
			attributes = {
				BuildIndependentTargetsInParallel = YES;
				LastSwiftUpdateCheck = 2660;
				LastUpgradeCheck = 2660;
				TargetAttributes = {
					A40000000000000000000001 = {
						CreatedOnToolsVersion = 26.0;
						ProvisioningStyle = Automatic;
					};
					B40000000000000000000001 = {
						CreatedOnToolsVersion = 26.0;
						TestTargetID = A40000000000000000000001;
					};
				};
			};
			buildConfigurationList = C70000000000000000000001 /* Build configuration list for PBXProject "App" */;
			compatibilityVersion = "Xcode 15.0";
			developmentRegion = zh_Hans;
			hasScannedForEncodings = 0;
			knownRegions = (
				en,
				Base,
				zh_Hans,
			);
			mainGroup = C10000000000000000000001;
			packageReferences = (
			);
			productRefGroup = C10000000000000000000002 /* Products */;
			projectDirPath = "";
			projectRoot = "";
			targets = (
				A40000000000000000000001 /* App */,
				B40000000000000000000001 /* AppTests */,
			);
		};
/* End PBXProject section */

/* Begin PBXResourcesBuildPhase section */
		A50000000000000000000003 /* Resources */ = {
			isa = PBXResourcesBuildPhase;
			buildActionMask = 2147483647;
			files = (
				A10000000000000000000007 /* Assets.xcassets in Resources */,
				A10000000000000000000008 /* LaunchScreen.storyboard in Resources */,
				A10000000000000000000009 /* Localizable.strings in Resources */,
			);
			runOnlyForDeploymentPostprocessing = 0;
		};
		B50000000000000000000003 /* Resources */ = {
			isa = PBXResourcesBuildPhase;
			buildActionMask = 2147483647;
			files = (
			);
			runOnlyForDeploymentPostprocessing = 0;
		};
/* End PBXResourcesBuildPhase section */

/* Begin PBXSourcesBuildPhase section */
		A50000000000000000000002 /* Sources */ = {
			isa = PBXSourcesBuildPhase;
			buildActionMask = 2147483647;
			files = (
				A10000000000000000000001 /* NOTE1App.swift in Sources */,
				A10000000000000000000002 /* ModelStore.swift in Sources */,
				A10000000000000000000003 /* DesignSystem.swift in Sources */,
				A10000000000000000000004 /* AppShellView.swift in Sources */,
				A10000000000000000000005 /* HomeReviewViews.swift in Sources */,
				A10000000000000000000006 /* SecondaryViews.swift in Sources */,
				A1000000000000000000000A /* HistorySelectionPolicy.swift in Sources */,
				A1000000000000000000000B /* AttachmentImporter.swift in Sources */,
			);
			runOnlyForDeploymentPostprocessing = 0;
		};
		B50000000000000000000002 /* Sources */ = {
			isa = PBXSourcesBuildPhase;
			buildActionMask = 2147483647;
			files = (
				B10000000000000000000001 /* NoteStoreTests.swift in Sources */,
				B10000000000000000000002 /* NoteStorePersistenceTests.swift in Sources */,
				B10000000000000000000003 /* HistorySelectionPolicyTests.swift in Sources */,
				B10000000000000000000004 /* NoteStoreGroupTests.swift in Sources */,
				B10000000000000000000005 /* AttachmentImporterTests.swift in Sources */,
			);
			runOnlyForDeploymentPostprocessing = 0;
		};
/* End PBXSourcesBuildPhase section */

/* Begin PBXTargetDependency section */
		B80000000000000000000001 /* PBXTargetDependency */ = {
			isa = PBXTargetDependency;
			target = A40000000000000000000001 /* App */;
			targetProxy = B30000000000000000000001 /* PBXContainerItemProxy */;
		};
/* End PBXTargetDependency section */

/* Begin PBXVariantGroup section */
		A30000000000000000000001 /* LaunchScreen.storyboard */ = {
			isa = PBXVariantGroup;
			children = (
				A20000000000000000000009 /* Base */,
			);
			name = LaunchScreen.storyboard;
			sourceTree = "<group>";
		};
		A30000000000000000000002 /* Localizable.strings */ = {
			isa = PBXVariantGroup;
			children = (
				A2000000000000000000000B /* zh-Hans */,
			);
			name = Localizable.strings;
			sourceTree = "<group>";
		};
/* End PBXVariantGroup section */

/* Begin XCBuildConfiguration section */
		A80000000000000000000001 /* Debug */ = {
			isa = XCBuildConfiguration;
			buildSettings = {
				ASSETCATALOG_COMPILER_APPICON_NAME = AppIcon;
				CODE_SIGN_STYLE = Automatic;
				CURRENT_PROJECT_VERSION = 1;
				DEVELOPMENT_TEAM = GBKSA6VTUX;
				INFOPLIST_FILE = App/Info.plist;
				IPHONEOS_DEPLOYMENT_TARGET = 17.0;
				LD_RUNPATH_SEARCH_PATHS = (
					"$(inherited)",
					"@executable_path/Frameworks",
				);
				MARKETING_VERSION = 0.1;
				PRODUCT_BUNDLE_IDENTIFIER = com.yusiyuan.note1;
				PRODUCT_MODULE_NAME = App;
				PRODUCT_NAME = "$(TARGET_NAME)";
				SWIFT_EMIT_LOC_STRINGS = YES;
				SWIFT_VERSION = 5.0;
				TARGETED_DEVICE_FAMILY = 1;
			};
			name = Debug;
		};
		A80000000000000000000002 /* Release */ = {
			isa = XCBuildConfiguration;
			buildSettings = {
				ASSETCATALOG_COMPILER_APPICON_NAME = AppIcon;
				CODE_SIGN_STYLE = Automatic;
				CURRENT_PROJECT_VERSION = 1;
				DEVELOPMENT_TEAM = GBKSA6VTUX;
				INFOPLIST_FILE = App/Info.plist;
				IPHONEOS_DEPLOYMENT_TARGET = 17.0;
				LD_RUNPATH_SEARCH_PATHS = (
					"$(inherited)",
					"@executable_path/Frameworks",
				);
				MARKETING_VERSION = 0.1;
				PRODUCT_BUNDLE_IDENTIFIER = com.yusiyuan.note1;
				PRODUCT_MODULE_NAME = App;
				PRODUCT_NAME = "$(TARGET_NAME)";
				SWIFT_EMIT_LOC_STRINGS = YES;
				SWIFT_VERSION = 5.0;
				TARGETED_DEVICE_FAMILY = 1;
			};
			name = Release;
		};
		B80000000000000000000002 /* Debug */ = {
			isa = XCBuildConfiguration;
			buildSettings = {
				BUNDLE_LOADER = "$(TEST_HOST)";
				CODE_SIGN_STYLE = Automatic;
				GENERATE_INFOPLIST_FILE = YES;
				IPHONEOS_DEPLOYMENT_TARGET = 17.0;
				LD_RUNPATH_SEARCH_PATHS = (
					"$(inherited)",
					"@executable_path/Frameworks",
					"@loader_path/Frameworks",
				);
				PRODUCT_BUNDLE_IDENTIFIER = com.yusiyuan.note1.tests;
				PRODUCT_NAME = "$(TARGET_NAME)";
				SWIFT_VERSION = 5.0;
				TARGETED_DEVICE_FAMILY = 1;
				TEST_HOST = "$(BUILT_PRODUCTS_DIR)/App.app/$(BUNDLE_EXECUTABLE_FOLDER_PATH)/App";
			};
			name = Debug;
		};
		B80000000000000000000003 /* Release */ = {
			isa = XCBuildConfiguration;
			buildSettings = {
				BUNDLE_LOADER = "$(TEST_HOST)";
				CODE_SIGN_STYLE = Automatic;
				GENERATE_INFOPLIST_FILE = YES;
				IPHONEOS_DEPLOYMENT_TARGET = 17.0;
				LD_RUNPATH_SEARCH_PATHS = (
					"$(inherited)",
					"@executable_path/Frameworks",
					"@loader_path/Frameworks",
				);
				PRODUCT_BUNDLE_IDENTIFIER = com.yusiyuan.note1.tests;
				PRODUCT_NAME = "$(TARGET_NAME)";
				SWIFT_VERSION = 5.0;
				TARGETED_DEVICE_FAMILY = 1;
				TEST_HOST = "$(BUILT_PRODUCTS_DIR)/App.app/$(BUNDLE_EXECUTABLE_FOLDER_PATH)/App";
			};
			name = Release;
		};
		C80000000000000000000001 /* Debug */ = {
			isa = XCBuildConfiguration;
			buildSettings = {
				ALWAYS_SEARCH_USER_PATHS = NO;
				CLANG_ENABLE_MODULES = YES;
				COPY_PHASE_STRIP = NO;
				DEBUG_INFORMATION_FORMAT = dwarf;
				ENABLE_TESTABILITY = YES;
				GCC_C_LANGUAGE_STANDARD = gnu17;
				GCC_OPTIMIZATION_LEVEL = 0;
				GCC_PREPROCESSOR_DEFINITIONS = (
					"DEBUG=1",
					"$(inherited)",
				);
				IPHONEOS_DEPLOYMENT_TARGET = 17.0;
				ONLY_ACTIVE_ARCH = YES;
				SDKROOT = iphoneos;
				SWIFT_ACTIVE_COMPILATION_CONDITIONS = DEBUG;
				SWIFT_OPTIMIZATION_LEVEL = "-Onone";
			};
			name = Debug;
		};
		C80000000000000000000002 /* Release */ = {
			isa = XCBuildConfiguration;
			buildSettings = {
				ALWAYS_SEARCH_USER_PATHS = NO;
				CLANG_ENABLE_MODULES = YES;
				DEBUG_INFORMATION_FORMAT = "dwarf-with-dsym";
				GCC_C_LANGUAGE_STANDARD = gnu17;
				IPHONEOS_DEPLOYMENT_TARGET = 17.0;
				SDKROOT = iphoneos;
				SWIFT_COMPILATION_MODE = wholemodule;
				SWIFT_OPTIMIZATION_LEVEL = "-O";
				VALIDATE_PRODUCT = YES;
			};
			name = Release;
		};
/* End XCBuildConfiguration section */

/* Begin XCConfigurationList section */
		A70000000000000000000001 /* Build configuration list for PBXNativeTarget "App" */ = {
			isa = XCConfigurationList;
			buildConfigurations = (
				A80000000000000000000001 /* Debug */,
				A80000000000000000000002 /* Release */,
			);
			defaultConfigurationIsVisible = 0;
			defaultConfigurationName = Release;
		};
		B70000000000000000000001 /* Build configuration list for PBXNativeTarget "AppTests" */ = {
			isa = XCConfigurationList;
			buildConfigurations = (
				B80000000000000000000002 /* Debug */,
				B80000000000000000000003 /* Release */,
			);
			defaultConfigurationIsVisible = 0;
			defaultConfigurationName = Release;
		};
		C70000000000000000000001 /* Build configuration list for PBXProject "App" */ = {
			isa = XCConfigurationList;
			buildConfigurations = (
				C80000000000000000000001 /* Debug */,
				C80000000000000000000002 /* Release */,
			);
			defaultConfigurationIsVisible = 0;
			defaultConfigurationName = Release;
		};
/* End XCConfigurationList section */
	};
	rootObject = C00000000000000000000001 /* Project object */;
}
